{
  "nodes": {
    "devshell": {
      "inputs": {
        "nixpkgs": "nixpkgs"
      },
      "locked": {
        "lastModified": 1741473158,
        "narHash": "sha256-kWNaq6wQUbUMlPgw8Y+9/9wP0F8SHkjy24/mN3UAppg=",
        "owner": "numtide",
        "repo": "devshell",
        "rev": "7c9e793ebe66bcba8292989a68c0419b737a22a0",
        "type": "github"
      },
      "original": {
        "owner": "numtide",
        "repo": "devshell",
        "type": "github"
      }
    },
    "flake-utils": {
      "inputs": {
        "systems": "systems"
      },
      "locked": {
        "lastModified": 1731533236,
        "narHash": "sha256-l0KFg5HjrsfsO/JpG+r7fRrqm12kzFHyUHqHCVpMMbI=",
        "owner": "numtide",
        "repo": "flake-utils",
        "rev": "11707dc2f618dd54ca8739b309ec4fc024de578b",
        "type": "github"
      },
      "original": {
        "owner": "numtide",
        "repo": "flake-utils",
        "type": "github"
      }
    },
    "metagpt": {
      "flake": false,
      "locked": {
        "lastModified": 1743405433,
        "narHash": "sha256-l5X5gY7NPGyBS5RSR70A9JHBasPFsuCS4f3AK/pm4yg=",
        "owner": "geekan",
        "repo": "MetaGPT",
        "rev": "be6921cae61471bf1ffaf9cb9fe7375a6cfd00c5",
        "type": "github"
      },
      "original": {
        "owner": "geekan",
        "repo": "MetaGPT",
        "type": "github"
      }
    },
    "nixpkgs": {
      "locked": {
        "lastModified": 1722073938,
        "narHash": "sha256-OpX0StkL8vpXyWOGUD6G+MA26wAXK6SpT94kLJXo6B4=",
        "owner": "NixOS",
        "repo": "nixpkgs",
        "rev": "e36e9f57337d0ff0cf77aceb58af4c805472bfae",
        "type": "github"
      },
      "original": {
        "owner": "NixOS",
        "ref": "nixpkgs-unstable",
        "repo": "nixpkgs",
        "type": "github"
      }
    },
    "nixpkgs_2": {
      "locked": {
        "lastModified": 1746705919,
        "narHash": "sha256-yHRKXkb85EoWaNorARnKvF4mk85aEsxWywo9rqctnvA=",
        "owner": "nixos",
        "repo": "nixpkgs",
        "rev": "88141eb7f2580e3b48c63a49d8a381c9563e7c80",
        "type": "github"
      },
      "original": {
        "owner": "nixos",
        "ref": "release-24.11",
        "repo": "nixpkgs",
        "type": "github"
      }
    },
    "nixpkgs_3": {
      "locked": {
        "lastModified": 1744463964,
        "narHash": "sha256-LWqduOgLHCFxiTNYi3Uj5Lgz0SR+Xhw3kr/3Xd0GPTM=",
        "owner": "nixos",
        "repo": "nixpkgs",
        "rev": "2631b0b7abcea6e640ce31cd78ea58910d31e650",
        "type": "github"
      },
      "original": {
        "owner": "nixos",
        "ref": "nixos-unstable",
        "repo": "nixpkgs",
        "type": "github"
      }
    },
    "nixpkgs_4": {
      "locked": {
        "lastModified": 1742669843,
        "narHash": "sha256-G5n+FOXLXcRx+3hCJ6Rt6ZQyF1zqQ0DL0sWAMn2Nk0w=",
        "owner": "nixos",
        "repo": "nixpkgs",
        "rev": "1e5b653dff12029333a6546c11e108ede13052eb",
        "type": "github"
      },
      "original": {
        "owner": "nixos",
        "ref": "nixos-unstable",
        "repo": "nixpkgs",
        "type": "github"
      }
    },
    "nixpkgs_5": {
      "locked": {
        "lastModified": 1746328495,
        "narHash": "sha256-uKCfuDs7ZM3QpCE/jnfubTg459CnKnJG/LwqEVEdEiw=",
        "owner": "nixos",
        "repo": "nixpkgs",
        "rev": "979daf34c8cacebcd917d540070b52a3c2b9b16e",
        "type": "github"
      },
      "original": {
        "owner": "nixos",
        "ref": "nixos-unstable",
        "repo": "nixpkgs",
        "type": "github"
      }
    },
    "pyproject-build-systems": {
      "inputs": {
        "nixpkgs": "nixpkgs_3",
        "pyproject-nix": "pyproject-nix",
        "uv2nix": "uv2nix"
      },
      "locked": {
        "lastModified": 1744599653,
        "narHash": "sha256-nysSwVVjG4hKoOjhjvE6U5lIKA8sEr1d1QzEfZsannU=",
        "owner": "pyproject-nix",
        "repo": "build-system-pkgs",
        "rev": "7dba6dbc73120e15b558754c26024f6c93015dd7",
        "type": "github"
      },
      "original": {
        "owner": "pyproject-nix",
        "repo": "build-system-pkgs",
        "type": "github"
      }
    },
    "pyproject-nix": {
      "inputs": {
        "nixpkgs": [
          "pyproject-build-systems",
          "nixpkgs"
        ]
      },
      "locked": {
        "lastModified": 1743438845,
        "narHash": "sha256-1GSaoubGtvsLRwoYwHjeKYq40tLwvuFFVhGrG8J9Oek=",
        "owner": "nix-community",
        "repo": "pyproject.nix",
        "rev": "8063ec98edc459571d042a640b1c5e334ecfca1e",
        "type": "github"
      },
      "original": {
        "owner": "nix-community",
        "repo": "pyproject.nix",
        "type": "github"
      }
    },
    "pyproject-nix_2": {
      "inputs": {
        "nixpkgs": "nixpkgs_4"
      },
      "locked": {
        "lastModified": 1746540146,
        "narHash": "sha256-QxdHGNpbicIrw5t6U3x+ZxeY/7IEJ6lYbvsjXmcxFIM=",
        "owner": "pyproject-nix",
        "repo": "pyproject.nix",
        "rev": "e09c10c24ebb955125fda449939bfba664c467fd",
        "type": "github"
      },
      "original": {
        "owner": "pyproject-nix",
        "repo": "pyproject.nix",
        "type": "github"
      }
    },
    "pyproject-nix_3": {
      "inputs": {
        "nixpkgs": [
          "uv2nix",
          "nixpkgs"
        ]
      },
      "locked": {
        "lastModified": 1746146146,
        "narHash": "sha256-60+mzI2lbgn+G8F5mz+cmkDvHFn4s5oqcOna1SzYy74=",
        "owner": "pyproject-nix",
        "repo": "pyproject.nix",
        "rev": "3e9623bdd86a3c545e82b7f97cfdba5f07232d9a",
        "type": "github"
      },
      "original": {
        "owner": "pyproject-nix",
        "repo": "pyproject.nix",
        "type": "github"
      }
    },
    "root": {
      "inputs": {
        "devshell": "devshell",
        "flake-utils": "flake-utils",
        "metagpt": "metagpt",
        "nixpkgs": "nixpkgs_2",
        "pyproject-build-systems": "pyproject-build-systems",
        "pyproject-nix": "pyproject-nix_2",
        "uv2nix": "uv2nix_2"
      }
    },
    "systems": {
      "locked": {
        "lastModified": 1681028828,
        "narHash": "sha256-Vy1rq5AaRuLzOxct8nz4T6wlgyUR7zLU309k9mBC768=",
        "owner": "nix-systems",
        "repo": "default",
        "rev": "da67096a3b9bf56a91d16901293e51ba5b49a27e",
        "type": "github"
      },
      "original": {
        "owner": "nix-systems",
        "repo": "default",
        "type": "github"
      }
    },
    "uv2nix": {
      "inputs": {
        "nixpkgs": [
          "pyproject-build-systems",
          "nixpkgs"
        ],
        "pyproject-nix": [
          "pyproject-build-systems",
          "pyproject-nix"
        ]
      },
      "locked": {
        "lastModified": 1744279763,
        "narHash": "sha256-0k6eJPWfI56e9WbjNFTKKYoP8YX31gXHOcKz/zeLdBs=",
        "owner": "pyproject-nix",
        "repo": "uv2nix",
        "rev": "2b0fbb003988891c44b01b3e556f5fac817253ed",
        "type": "github"
      },
      "original": {
        "owner": "pyproject-nix",
        "repo": "uv2nix",
        "type": "github"
      }
    },
    "uv2nix_2": {
      "inputs": {
        "nixpkgs": "nixpkgs_5",
        "pyproject-nix": "pyproject-nix_3"
      },
      "locked": {
        "lastModified": 1746649034,
        "narHash": "sha256-gmv+ZiY3pQnwgI0Gm3Z1tNSux1CnOJ0De+xeDOol1+0=",
        "owner": "pyproject-nix",
        "repo": "uv2nix",
        "rev": "fe540e91c26f378c62bf6da365a97e848434d0cd",
        "type": "github"
      },
      "original": {
        "owner": "pyproject-nix",
        "repo": "uv2nix",
        "type": "github"
      }
    }
  },
  "root": "root",
  "version": 7
}
