{
  "nodes": {
    "devshell": {
      "inputs": {
        "nixpkgs": "nixpkgs"
      },
      "locked": {
        "lastModified": 1741473158,
        "narHash": "sha256-kWNaq6wQUbUMlPgw8Y+9/9wP0F8SHkjy24/mN3UAppg=",
        "owner": "numtide",
        "repo": "devshell",
        "rev": "7c9e793ebe66bcba8292989a68c0419b737a22a0",
        "type": "github"
      },
      "original": {
        "owner": "numtide",
        "repo": "devshell",
        "type": "github"
      }
    },
    "flake-utils": {
      "inputs": {
        "systems": "systems"
      },
      "locked": {
        "lastModified": 1731533236,
        "narHash": "sha256-l0KFg5HjrsfsO/JpG+r7fRrqm12kzFHyUHqHCVpMMbI=",
        "owner": "numtide",
        "repo": "flake-utils",
        "rev": "11707dc2f618dd54ca8739b309ec4fc024de578b",
        "type": "github"
      },
      "original": {
        "owner": "numtide",
        "repo": "flake-utils",
        "type": "github"
      }
    },
    "metagpt": {
      "flake": false,
      "locked": {
        "lastModified": 1747401498,
        "narHash": "sha256-UnJWuxxBz8Y0FxMT/HYIukm/hwGsNoM9V8Iz7piSwd0=",
        "owner": "geekan",
        "repo": "MetaGPT",
        "rev": "ba2868974b2ecc3fe4218ad29dd334867c07f678",
        "type": "github"
      },
      "original": {
        "owner": "geekan",
        "repo": "MetaGPT",
        "type": "github"
      }
    },
    "nixpkgs": {
      "locked": {
        "lastModified": 1722073938,
        "narHash": "sha256-OpX0StkL8vpXyWOGUD6G+MA26wAXK6SpT94kLJXo6B4=",
        "owner": "NixOS",
        "repo": "nixpkgs",
        "rev": "e36e9f57337d0ff0cf77aceb58af4c805472bfae",
        "type": "github"
      },
      "original": {
        "owner": "NixOS",
        "ref": "nixpkgs-unstable",
        "repo": "nixpkgs",
        "type": "github"
      }
    },
    "nixpkgs_2": {
      "locked": {
        "lastModified": 1749683600,
        "narHash": "sha256-SlV9PgXYgW9sBig/7mV5O0mFyfI7cmplm7nD+VakpH8=",
        "owner": "nixos",
        "repo": "nixpkgs",
        "rev": "45904265748f55d09358e732f8baceaa29bec013",
        "type": "github"
      },
      "original": {
        "owner": "nixos",
        "ref": "release-24.11",
        "repo": "nixpkgs",
        "type": "github"
      }
    },
    "nixpkgs_3": {
      "locked": {
        "lastModified": 1748370509,
        "narHash": "sha256-QlL8slIgc16W5UaI3w7xHQEP+Qmv/6vSNTpoZrrSlbk=",
        "owner": "nixos",
        "repo": "nixpkgs",
        "rev": "4faa5f5321320e49a78ae7848582f684d64783e9",
        "type": "github"
      },
      "original": {
        "owner": "nixos",
        "ref": "nixos-unstable",
        "repo": "nixpkgs",
        "type": "github"
      }
    },
    "nixpkgs_4": {
      "locked": {
        "lastModified": 1742669843,
        "narHash": "sha256-G5n+FOXLXcRx+3hCJ6Rt6ZQyF1zqQ0DL0sWAMn2Nk0w=",
        "owner": "nixos",
        "repo": "nixpkgs",
        "rev": "1e5b653dff12029333a6546c11e108ede13052eb",
        "type": "github"
      },
      "original": {
        "owner": "nixos",
        "ref": "nixos-unstable",
        "repo": "nixpkgs",
        "type": "github"
      }
    },
    "nixpkgs_5": {
      "locked": {
        "lastModified": 1746328495,
        "narHash": "sha256-uKCfuDs7ZM3QpCE/jnfubTg459CnKnJG/LwqEVEdEiw=",
        "owner": "nixos",
        "repo": "nixpkgs",
        "rev": "979daf34c8cacebcd917d540070b52a3c2b9b16e",
        "type": "github"
      },
      "original": {
        "owner": "nixos",
        "ref": "nixos-unstable",
        "repo": "nixpkgs",
        "type": "github"
      }
    },
    "pyproject-build-systems": {
      "inputs": {
        "nixpkgs": "nixpkgs_3",
        "pyproject-nix": "pyproject-nix",
        "uv2nix": "uv2nix"
      },
      "locked": {
        "lastModified": 1749519371,
        "narHash": "sha256-UJONN7mA2stweZCoRcry2aa1XTTBL0AfUOY84Lmqhos=",
        "owner": "pyproject-nix",
        "repo": "build-system-pkgs",
        "rev": "7c06967eca687f3482624250428cc12f43c92523",
        "type": "github"
      },
      "original": {
        "owner": "pyproject-nix",
        "repo": "build-system-pkgs",
        "type": "github"
      }
    },
    "pyproject-nix": {
      "inputs": {
        "nixpkgs": [
          "pyproject-build-systems",
          "nixpkgs"
        ]
      },
      "locked": {
        "lastModified": 1746540146,
        "narHash": "sha256-QxdHGNpbicIrw5t6U3x+ZxeY/7IEJ6lYbvsjXmcxFIM=",
        "owner": "nix-community",
        "repo": "pyproject.nix",
        "rev": "e09c10c24ebb955125fda449939bfba664c467fd",
        "type": "github"
      },
      "original": {
        "owner": "nix-community",
        "repo": "pyproject.nix",
        "type": "github"
      }
    },
    "pyproject-nix_2": {
      "inputs": {
        "nixpkgs": "nixpkgs_4"
      },
      "locked": {
        "lastModified": 1746540146,
        "narHash": "sha256-QxdHGNpbicIrw5t6U3x+ZxeY/7IEJ6lYbvsjXmcxFIM=",
        "owner": "pyproject-nix",
        "repo": "pyproject.nix",
        "rev": "e09c10c24ebb955125fda449939bfba664c467fd",
        "type": "github"
      },
      "original": {
        "owner": "pyproject-nix",
        "repo": "pyproject.nix",
        "type": "github"
      }
    },
    "pyproject-nix_3": {
      "inputs": {
        "nixpkgs": [
          "uv2nix",
          "nixpkgs"
        ]
      },
      "locked": {
        "lastModified": 1746146146,
        "narHash": "sha256-60+mzI2lbgn+G8F5mz+cmkDvHFn4s5oqcOna1SzYy74=",
        "owner": "pyproject-nix",
        "repo": "pyproject.nix",
        "rev": "3e9623bdd86a3c545e82b7f97cfdba5f07232d9a",
        "type": "github"
      },
      "original": {
        "owner": "pyproject-nix",
        "repo": "pyproject.nix",
        "type": "github"
      }
    },
    "root": {
      "inputs": {
        "devshell": "devshell",
        "flake-utils": "flake-utils",
        "metagpt": "metagpt",
        "nixpkgs": "nixpkgs_2",
        "pyproject-build-systems": "pyproject-build-systems",
        "pyproject-nix": "pyproject-nix_2",
        "uv2nix": "uv2nix_2"
      }
    },
    "systems": {
      "locked": {
        "lastModified": 1681028828,
        "narHash": "sha256-Vy1rq5AaRuLzOxct8nz4T6wlgyUR7zLU309k9mBC768=",
        "owner": "nix-systems",
        "repo": "default",
        "rev": "da67096a3b9bf56a91d16901293e51ba5b49a27e",
        "type": "github"
      },
      "original": {
        "owner": "nix-systems",
        "repo": "default",
        "type": "github"
      }
    },
    "uv2nix": {
      "inputs": {
        "nixpkgs": [
          "pyproject-build-systems",
          "nixpkgs"
        ],
        "pyproject-nix": [
          "pyproject-build-systems",
          "pyproject-nix"
        ]
      },
      "locked": {
        "lastModified": 1748398512,
        "narHash": "sha256-99mf47Kjl/rj716cSjeA6ubZLlhNudmC4HRg/6UMfvs=",
        "owner": "pyproject-nix",
        "repo": "uv2nix",
        "rev": "f006d191d4ff5894d2ead6299e2eaf3659bc46b0",
        "type": "github"
      },
      "original": {
        "owner": "pyproject-nix",
        "repo": "uv2nix",
        "type": "github"
      }
    },
    "uv2nix_2": {
      "inputs": {
        "nixpkgs": "nixpkgs_5",
        "pyproject-nix": "pyproject-nix_3"
      },
      "locked": {
        "lastModified": 1749706694,
        "narHash": "sha256-wq+NgkrH41XZQBSvplPeK+eDDH+e76486APGvidvKIw=",
        "owner": "pyproject-nix",
        "repo": "uv2nix",
        "rev": "89a6c6198d7ba81010149b75aa91cfa653639ade",
        "type": "github"
      },
      "original": {
        "owner": "pyproject-nix",
        "repo": "uv2nix",
        "type": "github"
      }
    }
  },
  "root": "root",
  "version": 7
}
